<?xml version="1.0" encoding="utf-8"?>
<Project ToolsVersion="4.0" xmlns="http://schemas.microsoft.com/developer/msbuild/2003">
  <ItemGroup>
    <Filter Include="Source Files">
      <UniqueIdentifier>{4FC737F1-C7A5-4376-A066-2A32D752A2FF}</UniqueIdentifier>
      <Extensions>cpp;c;cc;cxx;c++;cppm;ixx;def;odl;idl;hpj;bat;asm;asmx</Extensions>
    </Filter>
    <Filter Include="Header Files">
      <UniqueIdentifier>{93995380-89BD-4b04-88EB-625FBE52EBFB}</UniqueIdentifier>
      <Extensions>h;hh;hpp;hxx;h++;hm;inl;inc;ipp;xsd</Extensions>
    </Filter>
    <Filter Include="Resource Files">
      <UniqueIdentifier>{67DA6AB6-F800-4c08-8B7A-83BB121AAD01}</UniqueIdentifier>
      <Extensions>rc;ico;cur;bmp;dlg;rc2;rct;bin;rgs;gif;jpg;jpeg;jpe;resx;tiff;tif;png;wav;mfcribbon-ms</Extensions>
    </Filter>
  </ItemGroup>
  <ItemGroup>
    <ClInclude Include="include\Common\Error.h">
      <Filter>Header Files</Filter>
    </ClInclude>
    <ClInclude Include="include\Common\SourceLocation.h">
      <Filter>Header Files</Filter>
    </ClInclude>
    <ClInclude Include="include\Lexer\Lexer.h">
      <Filter>Header Files</Filter>
    </ClInclude>
    <ClInclude Include="include\Lexer\Token.h">
      <Filter>Header Files</Filter>
    </ClInclude>
    <ClInclude Include="include\Lexer\TokenType.h">
      <Filter>Header Files</Filter>
    </ClInclude>
    <ClInclude Include="include\Parser\AST.h">
      <Filter>Header Files</Filter>
    </ClInclude>
    <ClInclude Include="include\Parser\Parser.h">
      <Filter>Header Files</Filter>
    </ClInclude>
    <ClInclude Include="include\CodeGen\CodeGenerator.h">
      <Filter>Header Files</Filter>
    </ClInclude>
    <ClInclude Include="include\Semantic\SemanticAnalyzer.h">
      <Filter>Header Files</Filter>
    </ClInclude>
    <ClInclude Include="include\Semantic\SymbolTable.h">
      <Filter>Header Files</Filter>
    </ClInclude>
    <ClInclude Include="include\Import\DependencyGraph.h">
      <Filter>Header Files</Filter>
    </ClInclude>
    <ClInclude Include="include\Import\ImportResolver.h">
      <Filter>Header Files</Filter>
    </ClInclude>
    <ClInclude Include="include\Import\Module.h">
      <Filter>Header Files</Filter>
    </ClInclude>
    <ClInclude Include="include\Backends\Cpp20Backend.h">
      <Filter>Header Files</Filter>
    </ClInclude>
    <ClInclude Include="include\Backends\LLVMBackend.h">
      <Filter>Header Files</Filter>
    </ClInclude>
    <ClInclude Include="include\Core\BackendRegistry.h">
      <Filter>Header Files</Filter>
    </ClInclude>
    <ClInclude Include="include\Core\CompilationContext.h">
      <Filter>Header Files</Filter>
    </ClInclude>
    <ClInclude Include="include\Core\Concepts.h">
      <Filter>Header Files</Filter>
    </ClInclude>
    <ClInclude Include="include\Core\FormatCompat.h">
      <Filter>Header Files</Filter>
    </ClInclude>
    <ClInclude Include="include\Core\IBackend.h">
      <Filter>Header Files</Filter>
    </ClInclude>
    <ClInclude Include="include\Core\ITypeSystem.h">
      <Filter>Header Files</Filter>
    </ClInclude>
    <ClInclude Include="include\Core\OperatorRegistry.h">
      <Filter>Header Files</Filter>
    </ClInclude>
    <ClInclude Include="include\Core\TypeRegistry.h">
      <Filter>Header Files</Filter>
    </ClInclude>
    <ClInclude Include="include\Runtime\Owned.h">
      <Filter>Header Files</Filter>
    </ClInclude>
    <ClInclude Include="include\XXML.h">
      <Filter>Header Files</Filter>
    </ClInclude>
  </ItemGroup>
  <ItemGroup>
    <ClCompile Include="src\CodeGen\CodeGenerator.cpp">
      <Filter>Source Files</Filter>
    </ClCompile>
    <ClCompile Include="src\Common\Error.cpp">
      <Filter>Source Files</Filter>
    </ClCompile>
    <ClCompile Include="src\Import\DependencyGraph.cpp">
      <Filter>Source Files</Filter>
    </ClCompile>
    <ClCompile Include="src\Import\ImportResolver.cpp">
      <Filter>Source Files</Filter>
    </ClCompile>
    <ClCompile Include="src\Import\Module.cpp">
      <Filter>Source Files</Filter>
    </ClCompile>
    <ClCompile Include="src\Lexer\Lexer.cpp">
      <Filter>Source Files</Filter>
    </ClCompile>
    <ClCompile Include="src\Lexer\Token.cpp">
      <Filter>Source Files</Filter>
    </ClCompile>
    <ClCompile Include="src\Lexer\TokenType.cpp">
      <Filter>Source Files</Filter>
    </ClCompile>
    <ClCompile Include="src\Parser\AST.cpp">
      <Filter>Source Files</Filter>
    </ClCompile>
    <ClCompile Include="src\Parser\Parser.cpp">
      <Filter>Source Files</Filter>
    </ClCompile>
    <ClCompile Include="src\Semantic\SemanticAnalyzer.cpp">
      <Filter>Source Files</Filter>
    </ClCompile>
    <ClCompile Include="src\Semantic\SymbolTable.cpp">
      <Filter>Source Files</Filter>
    </ClCompile>
    <ClCompile Include="src\main.cpp">
      <Filter>Source Files</Filter>
    </ClCompile>
    <ClCompile Include="src\Backends\BackendBase.cpp">
      <Filter>Source Files</Filter>
    </ClCompile>
    <ClCompile Include="src\Backends\Cpp20Backend.cpp">
      <Filter>Source Files</Filter>
    </ClCompile>
    <ClCompile Include="src\Backends\LLVMBackend.cpp">
      <Filter>Source Files</Filter>
    </ClCompile>
    <ClCompile Include="src\Core\BackendRegistry.cpp">
      <Filter>Source Files</Filter>
    </ClCompile>
    <ClCompile Include="src\Core\CompilationContext.cpp">
      <Filter>Source Files</Filter>
    </ClCompile>
    <ClCompile Include="src\Core\OperatorRegistry.cpp">
      <Filter>Source Files</Filter>
    </ClCompile>
    <ClCompile Include="src\Core\TypeRegistry.cpp">
      <Filter>Source Files</Filter>
    </ClCompile>
    <ClCompile Include="src\Parser\ASTClone.cpp">
      <Filter>Source Files</Filter>
    </ClCompile>
  </ItemGroup>
</Project>